// !$*UTF8*$!
{
	archiveVersion = 1;
	classes = {
	};
	objectVersion = 77;
	objects = {

/* Begin PBXBuildFile section */
		AB00000000000000000020 /* Localizable.xcstrings in Resources */ = {isa = PBXBuildFile; fileRef = AB00000000000000000013 /* Localizable.xcstrings */; };
		AB00000000000000000021 /* AppIcon.icon in Resources */ = {isa = PBXBuildFile; fileRef = AB00000000000000000014 /* AppIcon.icon */; };
		AB00000000000000000022 /* fonts in CopyFiles */ = {isa = PBXBuildFile; fileRef = AB00000000000000000015 /* fonts */; };
		AB00000000000000000023 /* themes in CopyFiles */ = {isa = PBXBuildFile; fileRef = AB00000000000000000016 /* themes */; };
		AB00000000000000000024 /* terminfo in CopyFiles */ = {isa = PBXBuildFile; fileRef = AB00000000000000000017 /* terminfo */; };
		AB00000000000000000025 /* shell-integration in CopyFiles */ = {isa = PBXBuildFile; fileRef = AB00000000000000000018 /* shell-integration */; };
		AB00000000000000000026 /* Metal.framework in Frameworks */ = {isa = PBXBuildFile; fileRef = AB00000000000000000019 /* Metal.framework */; };
		AB00000000000000000027 /* libc++.tbd in Frameworks */ = {isa = PBXBuildFile; fileRef = AB0000000000000000001A /* libc++.tbd */; };
		AB00000000000000000028 /* GhosttyKitAppStore in Frameworks */ = {isa = PBXBuildFile; productRef = AB00000000000000000053 /* GhosttyKitAppStore */; };
		AB00000000000000000029 /* Citadel in Frameworks */ = {isa = PBXBuildFile; productRef = AB00000000000000000054 /* Citadel */; };
		AB0000000000000000002A /* ios_system in Frameworks */ = {isa = PBXBuildFile; platformFilters = (ios, xros, ); productRef = AB00000000000000000055 /* ios_system */; };
		AC00000000000000000001 /* Shared/MacBridge.swift in Sources */ = {isa = PBXBuildFile; fileRef = AC00000000000000000011 /* Shared/MacBridge.swift */; };
		AC00000000000000000002 /* Shared/MacBridge.swift in Sources */ = {isa = PBXBuildFile; fileRef = AC00000000000000000011 /* Shared/MacBridge.swift */; };
		AC00000000000000000003 /* ShellMacSupport/ShellMacSupport.swift in Sources */ = {isa = PBXBuildFile; fileRef = AC00000000000000000012 /* ShellMacSupport/ShellMacSupport.swift */; };
		AC00000000000000000004 /* ShellMacSupport/TitlebarDragViews.swift in Sources */ = {isa = PBXBuildFile; fileRef = AC00000000000000000013 /* ShellMacSupport/TitlebarDragViews.swift */; };
		AC00000000000000000005 /* ShellMacSupport.bundle in Embed Mac Support */ = {isa = PBXBuildFile; fileRef = AC00000000000000000014 /* ShellMacSupport.bundle */; platformFilter = maccatalyst; settings = {ATTRIBUTES = (CodeSignOnCopy, RemoveHeadersOnCopy, ); }; };
		AC00000000000000000062 /* ShellMacSupport/NativeShellProcess.swift in Sources */ = {isa = PBXBuildFile; fileRef = AC00000000000000000060 /* ShellMacSupport/NativeShellProcess.swift */; };
		AC00000000000000000063 /* ShellMacSupport/PTYSpawn.c in Sources */ = {isa = PBXBuildFile; fileRef = AC00000000000000000061 /* ShellMacSupport/PTYSpawn.c */; };
		AC00000000000000000065 /* ShellMacSupport/NativeKeyboard.swift in Sources */ = {isa = PBXBuildFile; fileRef = AC00000000000000000064 /* ShellMacSupport/NativeKeyboard.swift */; };
		AC00000000000000000067 /* ShellMacSupport/NativeTerminalEvents.swift in Sources */ = {isa = PBXBuildFile; fileRef = AC00000000000000000066 /* ShellMacSupport/NativeTerminalEvents.swift */; };
		AC00000000000000000069 /* ShellMacSupport/NativeWindowMaterial.swift in Sources */ = {isa = PBXBuildFile; fileRef = AC00000000000000000068 /* ShellMacSupport/NativeWindowMaterial.swift */; };
		AC0000000000000000006B /* ShellMacSupport/NativeDockMenu.swift in Sources */ = {isa = PBXBuildFile; fileRef = AC0000000000000000006A /* ShellMacSupport/NativeDockMenu.swift */; };
		AE00000000000000000021 /* ShellWatch.app in Embed Watch Content */ = {isa = PBXBuildFile; fileRef = AE00000000000000000003 /* ShellWatch.app */; platformFilter = ios; settings = {ATTRIBUTES = (RemoveHeadersOnCopy, ); }; };
		AE00000000000000000061 /* ShellControlProtocol in Frameworks */ = {isa = PBXBuildFile; productRef = AE00000000000000000051 /* ShellControlProtocol */; };
		AE00000000000000000062 /* ShellControlSecurity in Frameworks */ = {isa = PBXBuildFile; productRef = AE00000000000000000052 /* ShellControlSecurity */; };
		AE00000000000000000063 /* ShellControlClient in Frameworks */ = {isa = PBXBuildFile; productRef = AE00000000000000000053 /* ShellControlClient */; };
		AE00000000000000000071 /* ShellControlProtocol in Frameworks */ = {isa = PBXBuildFile; productRef = AE00000000000000000054 /* ShellControlProtocol */; };
		AE00000000000000000072 /* ShellControlSecurity in Frameworks */ = {isa = PBXBuildFile; productRef = AE00000000000000000055 /* ShellControlSecurity */; };
		AE00000000000000000073 /* ShellControlClient in Frameworks */ = {isa = PBXBuildFile; productRef = AE00000000000000000056 /* ShellControlClient */; };
/* End PBXBuildFile section */

/* Begin PBXContainerItemProxy section */
		AE00000000000000000023 /* PBXContainerItemProxy */ = {
			isa = PBXContainerItemProxy;
			containerPortal = AB00000000000000000001 /* Project object */;
			proxyType = 1;
			remoteGlobalIDString = AE00000000000000000030;
			remoteInfo = ShellWatch;
		};
		AF00000000000000000010 /* PBXContainerItemProxy */ = {
			isa = PBXContainerItemProxy;
			containerPortal = AB00000000000000000001 /* Project object */;
			proxyType = 1;
			remoteGlobalIDString = AE00000000000000000030;
			remoteInfo = ShellWatch;
		};
		DD487733304D036B00C44C5F /* PBXContainerItemProxy */ = {
			isa = PBXContainerItemProxy;
			containerPortal = AB00000000000000000001 /* Project object */;
			proxyType = 1;
			remoteGlobalIDString = AC00000000000000000030;
			remoteInfo = ShellMacSupport;
		};
		DD487734304D036B00C44C5F /* PBXContainerItemProxy */ = {
			isa = PBXContainerItemProxy;
			containerPortal = AB00000000000000000001 /* Project object */;
			proxyType = 1;
			remoteGlobalIDString = AB00000000000000000002;
			remoteInfo = shell;
		};
/* End PBXContainerItemProxy section */

/* Begin PBXCopyFilesBuildPhase section */
		AB00000000000000000033 /* CopyFiles */ = {
			isa = PBXCopyFilesBuildPhase;
			buildActionMask = 2147483647;
			dstPath = "";
			dstSubfolderSpec = 7;
			files = (
				AB00000000000000000022 /* fonts in CopyFiles */,
				AB00000000000000000023 /* themes in CopyFiles */,
				AB00000000000000000024 /* terminfo in CopyFiles */,
				AB00000000000000000025 /* shell-integration in CopyFiles */,
			);
			runOnlyForDeploymentPostprocessing = 0;
		};
		AC00000000000000000020 /* Embed Mac Support */ = {
			isa = PBXCopyFilesBuildPhase;
			buildActionMask = 2147483647;
			dstPath = "";
			dstSubfolderSpec = 13;
			files = (
				AC00000000000000000005 /* ShellMacSupport.bundle in Embed Mac Support */,
			);
			name = "Embed Mac Support";
			runOnlyForDeploymentPostprocessing = 0;
		};
		AE00000000000000000022 /* Embed Watch Content */ = {
			isa = PBXCopyFilesBuildPhase;
			buildActionMask = 2147483647;
			dstPath = "$(CONTENTS_FOLDER_PATH)/Watch";
			dstSubfolderSpec = 16;
			files = (
				AE00000000000000000021 /* ShellWatch.app in Embed Watch Content */,
			);
			name = "Embed Watch Content";
			runOnlyForDeploymentPostprocessing = 0;
		};
/* End PBXCopyFilesBuildPhase section */

/* Begin PBXFileReference section */
		AB00000000000000000003 /* Shell.app */ = {isa = PBXFileReference; explicitFileType = wrapper.application; includeInIndex = 0; path = Shell.app; sourceTree = BUILT_PRODUCTS_DIR; };
		AB00000000000000000010 /* Base.xcconfig */ = {isa = PBXFileReference; lastKnownFileType = text.xcconfig; path = Base.xcconfig; sourceTree = "<group>"; };
		AB00000000000000000011 /* Debug.xcconfig */ = {isa = PBXFileReference; lastKnownFileType = text.xcconfig; path = Debug.xcconfig; sourceTree = "<group>"; };
		AB00000000000000000012 /* Release.xcconfig */ = {isa = PBXFileReference; lastKnownFileType = text.xcconfig; path = Release.xcconfig; sourceTree = "<group>"; };
		AB00000000000000000013 /* Localizable.xcstrings */ = {isa = PBXFileReference; lastKnownFileType = text.json.xcstrings; path = Localizable.xcstrings; sourceTree = "<group>"; };
		AB00000000000000000014 /* AppIcon.icon */ = {isa = PBXFileReference; lastKnownFileType = folder.iconcomposer.icon; path = AppIcon.icon; sourceTree = "<group>"; };
		AB00000000000000000015 /* fonts */ = {isa = PBXFileReference; lastKnownFileType = folder; name = fonts; path = Resources/fonts; sourceTree = "<group>"; };
		AB00000000000000000016 /* themes */ = {isa = PBXFileReference; lastKnownFileType = folder; name = themes; path = Resources/themes; sourceTree = "<group>"; };
		AB00000000000000000017 /* terminfo */ = {isa = PBXFileReference; lastKnownFileType = folder; name = terminfo; path = Resources/terminfo; sourceTree = "<group>"; };
		AB00000000000000000018 /* shell-integration */ = {isa = PBXFileReference; lastKnownFileType = folder; name = "shell-integration"; path = "Resources/shell-integration"; sourceTree = "<group>"; };
		AB00000000000000000019 /* Metal.framework */ = {isa = PBXFileReference; lastKnownFileType = wrapper.framework; name = Metal.framework; path = System/Library/Frameworks/Metal.framework; sourceTree = SDKROOT; };
		AB0000000000000000001A /* libc++.tbd */ = {isa = PBXFileReference; lastKnownFileType = "sourcecode.text-based-dylib-definition"; name = "libc++.tbd"; path = "usr/lib/libc++.tbd"; sourceTree = SDKROOT; };
		AC00000000000000000011 /* Shared/MacBridge.swift */ = {isa = PBXFileReference; lastKnownFileType = sourcecode.swift; path = Shared/MacBridge.swift; sourceTree = SOURCE_ROOT; };
		AC00000000000000000012 /* ShellMacSupport/ShellMacSupport.swift */ = {isa = PBXFileReference; lastKnownFileType = sourcecode.swift; path = ShellMacSupport/ShellMacSupport.swift; sourceTree = SOURCE_ROOT; };
		AC00000000000000000013 /* ShellMacSupport/TitlebarDragViews.swift */ = {isa = PBXFileReference; lastKnownFileType = sourcecode.swift; path = ShellMacSupport/TitlebarDragViews.swift; sourceTree = SOURCE_ROOT; };
		AC00000000000000000014 /* ShellMacSupport.bundle */ = {isa = PBXFileReference; explicitFileType = wrapper.cfbundle; path = ShellMacSupport.bundle; sourceTree = BUILT_PRODUCTS_DIR; };
		AC00000000000000000060 /* ShellMacSupport/NativeShellProcess.swift */ = {isa = PBXFileReference; lastKnownFileType = sourcecode.swift; path = ShellMacSupport/NativeShellProcess.swift; sourceTree = SOURCE_ROOT; };
		AC00000000000000000061 /* ShellMacSupport/PTYSpawn.c */ = {isa = PBXFileReference; lastKnownFileType = sourcecode.c.c; path = ShellMacSupport/PTYSpawn.c; sourceTree = SOURCE_ROOT; };
		AC00000000000000000064 /* ShellMacSupport/NativeKeyboard.swift */ = {isa = PBXFileReference; lastKnownFileType = sourcecode.swift; path = ShellMacSupport/NativeKeyboard.swift; sourceTree = SOURCE_ROOT; };
		AC00000000000000000066 /* ShellMacSupport/NativeTerminalEvents.swift */ = {isa = PBXFileReference; lastKnownFileType = sourcecode.swift; path = ShellMacSupport/NativeTerminalEvents.swift; sourceTree = SOURCE_ROOT; };
		AC00000000000000000068 /* ShellMacSupport/NativeWindowMaterial.swift */ = {isa = PBXFileReference; lastKnownFileType = sourcecode.swift; path = ShellMacSupport/NativeWindowMaterial.swift; sourceTree = SOURCE_ROOT; };
		AC0000000000000000006A /* ShellMacSupport/NativeDockMenu.swift */ = {isa = PBXFileReference; lastKnownFileType = sourcecode.swift; path = ShellMacSupport/NativeDockMenu.swift; sourceTree = SOURCE_ROOT; };
		AD00000000000000000003 /* ShellTests.xctest */ = {isa = PBXFileReference; explicitFileType = wrapper.cfbundle; includeInIndex = 0; path = ShellTests.xctest; sourceTree = BUILT_PRODUCTS_DIR; };
		AE00000000000000000003 /* ShellWatch.app */ = {isa = PBXFileReference; explicitFileType = wrapper.application; includeInIndex = 0; path = ShellWatch.app; sourceTree = BUILT_PRODUCTS_DIR; };
		AE00000000000000000010 /* Watch.xcconfig */ = {isa = PBXFileReference; lastKnownFileType = text.xcconfig; path = Watch.xcconfig; sourceTree = "<group>"; };
		AF00000000000000000003 /* ShellWatchTests.xctest */ = {isa = PBXFileReference; explicitFileType = wrapper.cfbundle; includeInIndex = 0; path = ShellWatchTests.xctest; sourceTree = BUILT_PRODUCTS_DIR; };
/* End PBXFileReference section */

/* Begin PBXFileSystemSynchronizedBuildFileExceptionSet section */
		AB00000000000000000005 /* Exceptions for "shell" folder in "shell" target */ = {
			isa = PBXFileSystemSynchronizedBuildFileExceptionSet;
			membershipExceptions = (
				Info.plist,
			);
			target = AB00000000000000000002 /* shell */;
		};
		AE00000000000000000005 /* Exceptions for "ShellWatch" folder in "ShellWatch" target */ = {
			isa = PBXFileSystemSynchronizedBuildFileExceptionSet;
			membershipExceptions = (
				Info.plist,
			);
			target = AE00000000000000000030 /* ShellWatch */;
		};
/* End PBXFileSystemSynchronizedBuildFileExceptionSet section */

/* Begin PBXFileSystemSynchronizedRootGroup section */
		AB00000000000000000004 /* shell */ = {
			isa = PBXFileSystemSynchronizedRootGroup;
			exceptions = (
				AB00000000000000000005 /* Exceptions for "shell" folder in "shell" target */,
			);
			path = shell;
			sourceTree = "<group>";
		};
		AD00000000000000000004 /* tests/ShellTests */ = {
			isa = PBXFileSystemSynchronizedRootGroup;
			path = tests/ShellTests;
			sourceTree = "<group>";
		};
		AE00000000000000000004 /* ShellWatch */ = {
			isa = PBXFileSystemSynchronizedRootGroup;
			exceptions = (
				AE00000000000000000005 /* Exceptions for "ShellWatch" folder in "ShellWatch" target */,
			);
			path = ShellWatch;
			sourceTree = "<group>";
		};
		AF00000000000000000004 /* ShellWatchTests */ = {
			isa = PBXFileSystemSynchronizedRootGroup;
			path = ShellWatchTests;
			sourceTree = "<group>";
		};
/* End PBXFileSystemSynchronizedRootGroup section */

/* Begin PBXFrameworksBuildPhase section */
		AB00000000000000000031 /* Frameworks */ = {
			isa = PBXFrameworksBuildPhase;
			buildActionMask = 2147483647;
			files = (
				AB00000000000000000028 /* GhosttyKitAppStore in Frameworks */,
				AB00000000000000000029 /* Citadel in Frameworks */,
				AB0000000000000000002A /* ios_system in Frameworks */,
				AE00000000000000000071 /* ShellControlProtocol in Frameworks */,
				AE00000000000000000072 /* ShellControlSecurity in Frameworks */,
				AE00000000000000000073 /* ShellControlClient in Frameworks */,
				AB00000000000000000026 /* Metal.framework in Frameworks */,
				AB00000000000000000027 /* libc++.tbd in Frameworks */,
			);
			runOnlyForDeploymentPostprocessing = 0;
		};
		AD00000000000000000022 /* Frameworks */ = {
			isa = PBXFrameworksBuildPhase;
			buildActionMask = 2147483647;
			files = (
			);
			runOnlyForDeploymentPostprocessing = 0;
		};
		AE00000000000000000032 /* Frameworks */ = {
			isa = PBXFrameworksBuildPhase;
			buildActionMask = 2147483647;
			files = (
				AE00000000000000000061 /* ShellControlProtocol in Frameworks */,
				AE00000000000000000062 /* ShellControlSecurity in Frameworks */,
				AE00000000000000000063 /* ShellControlClient in Frameworks */,
			);
			runOnlyForDeploymentPostprocessing = 0;
		};
		AF00000000000000000032 /* Frameworks */ = {
			isa = PBXFrameworksBuildPhase;
			buildActionMask = 2147483647;
			files = (
			);
			runOnlyForDeploymentPostprocessing = 0;
		};
/* End PBXFrameworksBuildPhase section */

/* Begin PBXGroup section */
		AB00000000000000000006 = {
			isa = PBXGroup;
			children = (
				AC00000000000000000011 /* Shared/MacBridge.swift */,
				AC00000000000000000012 /* ShellMacSupport/ShellMacSupport.swift */,
				AC00000000000000000060 /* ShellMacSupport/NativeShellProcess.swift */,
				AC00000000000000000061 /* ShellMacSupport/PTYSpawn.c */,
				AC00000000000000000064 /* ShellMacSupport/NativeKeyboard.swift */,
				AC00000000000000000066 /* ShellMacSupport/NativeTerminalEvents.swift */,
				AC00000000000000000068 /* ShellMacSupport/NativeWindowMaterial.swift */,
				AC0000000000000000006A /* ShellMacSupport/NativeDockMenu.swift */,
				AC00000000000000000013 /* ShellMacSupport/TitlebarDragViews.swift */,
				AB00000000000000000004 /* shell */,
				AE00000000000000000004 /* ShellWatch */,
				AF00000000000000000004 /* ShellWatchTests */,
				AD00000000000000000004 /* tests/ShellTests */,
				AB00000000000000000009 /* Configuration */,
				AB0000000000000000000A /* Resources */,
				AB00000000000000000014 /* AppIcon.icon */,
				AB00000000000000000013 /* Localizable.xcstrings */,
				AB00000000000000000008 /* Frameworks */,
				AB00000000000000000007 /* Products */,
			);
			sourceTree = "<group>";
		};
		AB00000000000000000007 /* Products */ = {
			isa = PBXGroup;
			children = (
				AB00000000000000000003 /* Shell.app */,
				AE00000000000000000003 /* ShellWatch.app */,
				AF00000000000000000003 /* ShellWatchTests.xctest */,
				AC00000000000000000014 /* ShellMacSupport.bundle */,
				AD00000000000000000003 /* ShellTests.xctest */,
			);
			name = Products;
			sourceTree = "<group>";
		};
		AB00000000000000000008 /* Frameworks */ = {
			isa = PBXGroup;
			children = (
				AB00000000000000000019 /* Metal.framework */,
				AB0000000000000000001A /* libc++.tbd */,
			);
			name = Frameworks;
			sourceTree = "<group>";
		};
		AB00000000000000000009 /* Configuration */ = {
			isa = PBXGroup;
			children = (
				AB00000000000000000010 /* Base.xcconfig */,
				AB00000000000000000011 /* Debug.xcconfig */,
				AB00000000000000000012 /* Release.xcconfig */,
				AE00000000000000000010 /* Watch.xcconfig */,
			);
			path = Configuration;
			sourceTree = "<group>";
		};
		AB0000000000000000000A /* Resources */ = {
			isa = PBXGroup;
			children = (
				AB00000000000000000015 /* fonts */,
				AB00000000000000000016 /* themes */,
				AB00000000000000000017 /* terminfo */,
				AB00000000000000000018 /* shell-integration */,
			);
			name = Resources;
			sourceTree = "<group>";
		};
/* End PBXGroup section */

/* Begin PBXNativeTarget section */
		AB00000000000000000002 /* shell */ = {
			isa = PBXNativeTarget;
			buildConfigurationList = AB00000000000000000045 /* Build configuration list for PBXNativeTarget "shell" */;
			buildPhases = (
				AB00000000000000000030 /* Sources */,
				AB00000000000000000031 /* Frameworks */,
				AB00000000000000000032 /* Resources */,
				AB00000000000000000033 /* CopyFiles */,
				AC00000000000000000020 /* Embed Mac Support */,
				AE00000000000000000022 /* Embed Watch Content */,
			);
			buildRules = (
			);
			dependencies = (
				AC00000000000000000031 /* PBXTargetDependency */,
				AE00000000000000000024 /* PBXTargetDependency */,
			);
			fileSystemSynchronizedGroups = (
				AB00000000000000000004 /* shell */,
			);
			name = shell;
			packageProductDependencies = (
				AB00000000000000000053 /* GhosttyKitAppStore */,
				AB00000000000000000054 /* Citadel */,
				AB00000000000000000055 /* ios_system */,
				AE00000000000000000054 /* ShellControlProtocol */,
				AE00000000000000000055 /* ShellControlSecurity */,
				AE00000000000000000056 /* ShellControlClient */,
			);
			productName = shell;
			productReference = AB00000000000000000003 /* Shell.app */;
			productType = "com.apple.product-type.application";
		};
		AC00000000000000000030 /* ShellMacSupport */ = {
			isa = PBXNativeTarget;
			buildConfigurationList = AC00000000000000000040 /* Build configuration list for PBXNativeTarget "ShellMacSupport" */;
			buildPhases = (
				AC00000000000000000021 /* Sources */,
			);
			buildRules = (
			);
			dependencies = (
			);
			name = ShellMacSupport;
			productName = ShellMacSupport;
			productReference = AC00000000000000000014 /* ShellMacSupport.bundle */;
			productType = "com.apple.product-type.bundle";
		};
		AD00000000000000000030 /* ShellTests */ = {
			isa = PBXNativeTarget;
			buildConfigurationList = AD00000000000000000040 /* Build configuration list for PBXNativeTarget "ShellTests" */;
			buildPhases = (
				AD00000000000000000021 /* Sources */,
				AD00000000000000000022 /* Frameworks */,
			);
			buildRules = (
			);
			dependencies = (
				AD00000000000000000031 /* PBXTargetDependency */,
			);
			fileSystemSynchronizedGroups = (
				AD00000000000000000004 /* tests/ShellTests */,
			);
			name = ShellTests;
			productName = ShellTests;
			productReference = AD00000000000000000003 /* ShellTests.xctest */;
			productType = "com.apple.product-type.bundle.unit-test";
		};
		AE00000000000000000030 /* ShellWatch */ = {
			isa = PBXNativeTarget;
			buildConfigurationList = AE00000000000000000040 /* Build configuration list for PBXNativeTarget "ShellWatch" */;
			buildPhases = (
				AE00000000000000000031 /* Sources */,
				AE00000000000000000032 /* Frameworks */,
				AE00000000000000000033 /* Resources */,
			);
			buildRules = (
			);
			dependencies = (
			);
			fileSystemSynchronizedGroups = (
				AE00000000000000000004 /* ShellWatch */,
			);
			name = ShellWatch;
			packageProductDependencies = (
				AE00000000000000000051 /* ShellControlProtocol */,
				AE00000000000000000052 /* ShellControlSecurity */,
				AE00000000000000000053 /* ShellControlClient */,
			);
			productName = ShellWatch;
			productReference = AE00000000000000000003 /* ShellWatch.app */;
			productType = "com.apple.product-type.application";
		};
		AF00000000000000000030 /* ShellWatchTests */ = {
			isa = PBXNativeTarget;
			buildConfigurationList = AF00000000000000000040 /* Build configuration list for PBXNativeTarget "ShellWatchTests" */;
			buildPhases = (
				AF00000000000000000031 /* Sources */,
				AF00000000000000000032 /* Frameworks */,
			);
			buildRules = (
			);
			dependencies = (
				AF00000000000000000011 /* PBXTargetDependency */,
			);
			fileSystemSynchronizedGroups = (
				AF00000000000000000004 /* ShellWatchTests */,
			);
			name = ShellWatchTests;
			productName = ShellWatchTests;
			productReference = AF00000000000000000003 /* ShellWatchTests.xctest */;
			productType = "com.apple.product-type.bundle.unit-test";
		};
/* End PBXNativeTarget section */

/* Begin PBXProject section */
		AB00000000000000000001 /* Project object */ = {
			isa = PBXProject;
			attributes = {
				BuildIndependentTargetsInParallel = 1;
				LastSwiftUpdateCheck = 2660;
				LastUpgradeCheck = 2660;
				TargetAttributes = {
					AB00000000000000000002 = {
						CreatedOnToolsVersion = 26.0;
					};
					AD00000000000000000030 = {
						CreatedOnToolsVersion = 26.0;
						TestTargetID = AB00000000000000000002;
					};
					AE00000000000000000030 = {
						CreatedOnToolsVersion = 26.0;
					};
					AF00000000000000000030 = {
						CreatedOnToolsVersion = 26.0;
						TestTargetID = AE00000000000000000030;
					};
				};
			};
			buildConfigurationList = AB00000000000000000044 /* Build configuration list for PBXProject "shell" */;
			developmentRegion = en;
			hasScannedForEncodings = 0;
			knownRegions = (
				en,
				Base,
			);
			mainGroup = AB00000000000000000006;
			minimizedProjectReferenceProxies = 1;
			packageReferences = (
				AB00000000000000000050 /* XCRemoteSwiftPackageReference "ghosttykit-rootshell" */,
				AB00000000000000000051 /* XCRemoteSwiftPackageReference "Citadel-rootshell" */,
				AB00000000000000000052 /* XCRemoteSwiftPackageReference "ios_system-rootshell" */,
				AE00000000000000000050 /* XCLocalSwiftPackageReference "Packages/ShellControlCore" */,
			);
			preferredProjectObjectVersion = 77;
			productRefGroup = AB00000000000000000007 /* Products */;
			projectDirPath = "";
			projectRoot = "";
			targets = (
				AC00000000000000000030 /* ShellMacSupport */,
				AB00000000000000000002 /* shell */,
				AE00000000000000000030 /* ShellWatch */,
				AF00000000000000000030 /* ShellWatchTests */,
				AD00000000000000000030 /* ShellTests */,
			);
		};
/* End PBXProject section */

/* Begin PBXResourcesBuildPhase section */
		AB00000000000000000032 /* Resources */ = {
			isa = PBXResourcesBuildPhase;
			buildActionMask = 2147483647;
			files = (
				AB00000000000000000021 /* AppIcon.icon in Resources */,
				AB00000000000000000020 /* Localizable.xcstrings in Resources */,
			);
			runOnlyForDeploymentPostprocessing = 0;
		};
		AE00000000000000000033 /* Resources */ = {
			isa = PBXResourcesBuildPhase;
			buildActionMask = 2147483647;
			files = (
			);
			runOnlyForDeploymentPostprocessing = 0;
		};
/* End PBXResourcesBuildPhase section */

/* Begin PBXSourcesBuildPhase section */
		AB00000000000000000030 /* Sources */ = {
			isa = PBXSourcesBuildPhase;
			buildActionMask = 2147483647;
			files = (
				AC00000000000000000001 /* Shared/MacBridge.swift in Sources */,
			);
			runOnlyForDeploymentPostprocessing = 0;
		};
		AC00000000000000000021 /* Sources */ = {
			isa = PBXSourcesBuildPhase;
			buildActionMask = 2147483647;
			files = (
				AC00000000000000000002 /* Shared/MacBridge.swift in Sources */,
				AC00000000000000000003 /* ShellMacSupport/ShellMacSupport.swift in Sources */,
				AC00000000000000000062 /* ShellMacSupport/NativeShellProcess.swift in Sources */,
				AC00000000000000000063 /* ShellMacSupport/PTYSpawn.c in Sources */,
				AC00000000000000000065 /* ShellMacSupport/NativeKeyboard.swift in Sources */,
				AC00000000000000000067 /* ShellMacSupport/NativeTerminalEvents.swift in Sources */,
				AC00000000000000000069 /* ShellMacSupport/NativeWindowMaterial.swift in Sources */,
				AC0000000000000000006B /* ShellMacSupport/NativeDockMenu.swift in Sources */,
				AC00000000000000000004 /* ShellMacSupport/TitlebarDragViews.swift in Sources */,
			);
			runOnlyForDeploymentPostprocessing = 0;
		};
		AD00000000000000000021 /* Sources */ = {
			isa = PBXSourcesBuildPhase;
			buildActionMask = 2147483647;
			files = (
			);
			runOnlyForDeploymentPostprocessing = 0;
		};
		AE00000000000000000031 /* Sources */ = {
			isa = PBXSourcesBuildPhase;
			buildActionMask = 2147483647;
			files = (
			);
			runOnlyForDeploymentPostprocessing = 0;
		};
		AF00000000000000000031 /* Sources */ = {
			isa = PBXSourcesBuildPhase;
			buildActionMask = 2147483647;
			files = (
			);
			runOnlyForDeploymentPostprocessing = 0;
		};
/* End PBXSourcesBuildPhase section */

/* Begin PBXTargetDependency section */
		AC00000000000000000031 /* PBXTargetDependency */ = {
			isa = PBXTargetDependency;
			platformFilter = maccatalyst;
			target = AC00000000000000000030 /* ShellMacSupport */;
			targetProxy = DD487733304D036B00C44C5F /* PBXContainerItemProxy */;
		};
		AD00000000000000000031 /* PBXTargetDependency */ = {
			isa = PBXTargetDependency;
			target = AB00000000000000000002 /* shell */;
			targetProxy = DD487734304D036B00C44C5F /* PBXContainerItemProxy */;
		};
		AE00000000000000000024 /* PBXTargetDependency */ = {
			isa = PBXTargetDependency;
			platformFilter = ios;
			target = AE00000000000000000030 /* ShellWatch */;
			targetProxy = AE00000000000000000023 /* PBXContainerItemProxy */;
		};
		AF00000000000000000011 /* PBXTargetDependency */ = {
			isa = PBXTargetDependency;
			target = AE00000000000000000030 /* ShellWatch */;
			targetProxy = AF00000000000000000010 /* PBXContainerItemProxy */;
		};
/* End PBXTargetDependency section */

/* Begin XCBuildConfiguration section */
		AB00000000000000000040 /* Debug */ = {
			isa = XCBuildConfiguration;
			baseConfigurationReference = AB00000000000000000011 /* Debug.xcconfig */;
			buildSettings = {
				ALWAYS_SEARCH_USER_PATHS = NO;
				CLANG_ANALYZER_NONNULL = YES;
				CLANG_ENABLE_OBJC_WEAK = YES;
				CLANG_WARN_DOCUMENTATION_COMMENTS = YES;
				DEVELOPMENT_TEAM = 72KB9YQR7B;
				ENABLE_STRICT_OBJC_MSGSEND = YES;
				ENABLE_TESTABILITY = YES;
				GCC_NO_COMMON_BLOCKS = YES;
				ONLY_ACTIVE_ARCH = YES;
				SDKROOT = iphoneos;
			};
			name = Debug;
		};
		AB00000000000000000041 /* Release */ = {
			isa = XCBuildConfiguration;
			baseConfigurationReference = AB00000000000000000012 /* Release.xcconfig */;
			buildSettings = {
				ALWAYS_SEARCH_USER_PATHS = NO;
				CLANG_ANALYZER_NONNULL = YES;
				CLANG_ENABLE_OBJC_WEAK = YES;
				CLANG_WARN_DOCUMENTATION_COMMENTS = YES;
				DEVELOPMENT_TEAM = 72KB9YQR7B;
				ENABLE_STRICT_OBJC_MSGSEND = YES;
				GCC_NO_COMMON_BLOCKS = YES;
				SDKROOT = iphoneos;
			};
			name = Release;
		};
		AB00000000000000000042 /* Debug */ = {
			isa = XCBuildConfiguration;
			baseConfigurationReference = AB00000000000000000011 /* Debug.xcconfig */;
			buildSettings = {
				CURRENT_PROJECT_VERSION = 2;
				DEVELOPMENT_TEAM = 72KB9YQR7B;
			};
			name = Debug;
		};
		AB00000000000000000043 /* Release */ = {
			isa = XCBuildConfiguration;
			baseConfigurationReference = AB00000000000000000012 /* Release.xcconfig */;
			buildSettings = {
				CURRENT_PROJECT_VERSION = 2;
				DEVELOPMENT_TEAM = 72KB9YQR7B;
			};
			name = Release;
		};
		AC00000000000000000041 /* Debug */ = {
			isa = XCBuildConfiguration;
			buildSettings = {
				CODE_SIGN_ENTITLEMENTS = "";
				DEVELOPMENT_TEAM = 72KB9YQR7B;
				GENERATE_INFOPLIST_FILE = NO;
				INFOPLIST_FILE = ShellMacSupport/Info.plist;
				LD_RUNPATH_SEARCH_PATHS = (
					"$(inherited)",
					"@loader_path/../../Frameworks",
				);
				MACOSX_DEPLOYMENT_TARGET = 26.0;
				OTHER_LDFLAGS = "";
				PRODUCT_BUNDLE_IDENTIFIER = "dev.chr33s.shell.mac-support";
				PRODUCT_NAME = ShellMacSupport;
				SDKROOT = macosx;
				SKIP_INSTALL = YES;
				SUPPORTED_PLATFORMS = macosx;
				SUPPORTS_MACCATALYST = NO;
				SWIFT_OBJC_BRIDGING_HEADER = "$(SRCROOT)/ShellMacSupport/PTYSpawn.h";
				TARGETED_DEVICE_FAMILY = "";
			};
			name = Debug;
		};
		AC00000000000000000042 /* Release */ = {
			isa = XCBuildConfiguration;
			buildSettings = {
				CODE_SIGN_ENTITLEMENTS = "";
				DEVELOPMENT_TEAM = 72KB9YQR7B;
				GENERATE_INFOPLIST_FILE = NO;
				INFOPLIST_FILE = ShellMacSupport/Info.plist;
				LD_RUNPATH_SEARCH_PATHS = (
					"$(inherited)",
					"@loader_path/../../Frameworks",
				);
				MACOSX_DEPLOYMENT_TARGET = 26.0;
				OTHER_LDFLAGS = "";
				PRODUCT_BUNDLE_IDENTIFIER = "dev.chr33s.shell.mac-support";
				PRODUCT_NAME = ShellMacSupport;
				SDKROOT = macosx;
				SKIP_INSTALL = YES;
				SUPPORTED_PLATFORMS = macosx;
				SUPPORTS_MACCATALYST = NO;
				SWIFT_OBJC_BRIDGING_HEADER = "$(SRCROOT)/ShellMacSupport/PTYSpawn.h";
				TARGETED_DEVICE_FAMILY = "";
			};
			name = Release;
		};
		AD00000000000000000041 /* Debug */ = {
			isa = XCBuildConfiguration;
			buildSettings = {
				BUNDLE_LOADER = "$(TEST_HOST)";
				CODE_SIGN_STYLE = Automatic;
				DEVELOPMENT_TEAM = 72KB9YQR7B;
				"EXCLUDED_ARCHS[sdk=iphonesimulator*]" = x86_64;
				GCC_PREPROCESSOR_DEFINITIONS = (
					"DEBUG=1",
					"$(inherited)",
				);
				GENERATE_INFOPLIST_FILE = YES;
				IPHONEOS_DEPLOYMENT_TARGET = 26.0;
				LD_RUNPATH_SEARCH_PATHS = (
					"$(inherited)",
					"@executable_path/Frameworks",
					"@loader_path/Frameworks",
				);
				ONLY_ACTIVE_ARCH = YES;
				PRODUCT_BUNDLE_IDENTIFIER = dev.chr33s.shell.tests;
				PRODUCT_NAME = ShellTests;
				SDKROOT = iphoneos;
				SUPPORTED_PLATFORMS = "iphoneos iphonesimulator";
				SUPPORTS_MACCATALYST = NO;
				SWIFT_ACTIVE_COMPILATION_CONDITIONS = "DEBUG $(inherited)";
				SWIFT_APPROACHABLE_CONCURRENCY = YES;
				SWIFT_DEFAULT_ACTOR_ISOLATION = MainActor;
				SWIFT_EMIT_LOC_STRINGS = NO;
				SWIFT_OPTIMIZATION_LEVEL = "-Onone";
				SWIFT_UPCOMING_FEATURE_MEMBER_IMPORT_VISIBILITY = YES;
				SWIFT_VERSION = 5.0;
				TARGETED_DEVICE_FAMILY = "1,2";
				TEST_HOST = "$(BUILT_PRODUCTS_DIR)/Shell.app/$(BUNDLE_EXECUTABLE_FOLDER_PATH)/Shell";
				TEST_TARGET_NAME = shell;
			};
			name = Debug;
		};
		AD00000000000000000042 /* Release */ = {
			isa = XCBuildConfiguration;
			buildSettings = {
				BUNDLE_LOADER = "$(TEST_HOST)";
				CODE_SIGN_STYLE = Automatic;
				DEVELOPMENT_TEAM = 72KB9YQR7B;
				"EXCLUDED_ARCHS[sdk=iphonesimulator*]" = x86_64;
				GENERATE_INFOPLIST_FILE = YES;
				IPHONEOS_DEPLOYMENT_TARGET = 26.0;
				LD_RUNPATH_SEARCH_PATHS = (
					"$(inherited)",
					"@executable_path/Frameworks",
					"@loader_path/Frameworks",
				);
				PRODUCT_BUNDLE_IDENTIFIER = dev.chr33s.shell.tests;
				PRODUCT_NAME = ShellTests;
				SDKROOT = iphoneos;
				SUPPORTED_PLATFORMS = "iphoneos iphonesimulator";
				SUPPORTS_MACCATALYST = NO;
				SWIFT_APPROACHABLE_CONCURRENCY = YES;
				SWIFT_DEFAULT_ACTOR_ISOLATION = MainActor;
				SWIFT_EMIT_LOC_STRINGS = NO;
				SWIFT_UPCOMING_FEATURE_MEMBER_IMPORT_VISIBILITY = YES;
				SWIFT_VERSION = 5.0;
				TARGETED_DEVICE_FAMILY = "1,2";
				TEST_HOST = "$(BUILT_PRODUCTS_DIR)/Shell.app/$(BUNDLE_EXECUTABLE_FOLDER_PATH)/Shell";
				TEST_TARGET_NAME = shell;
			};
			name = Release;
		};
		AE00000000000000000041 /* Debug */ = {
			isa = XCBuildConfiguration;
			baseConfigurationReference = AE00000000000000000010 /* Watch.xcconfig */;
			buildSettings = {
				CURRENT_PROJECT_VERSION = 2;
				DEVELOPMENT_TEAM = 72KB9YQR7B;
				ENABLE_TESTABILITY = YES;
				ONLY_ACTIVE_ARCH = YES;
				SHELL_CONTROL_BROKER_URL = "http://localhost:8443";
				SWIFT_ACTIVE_COMPILATION_CONDITIONS = "DEBUG $(inherited)";
				SWIFT_OPTIMIZATION_LEVEL = "-Onone";
			};
			name = Debug;
		};
		AE00000000000000000042 /* Release */ = {
			isa = XCBuildConfiguration;
			baseConfigurationReference = AE00000000000000000010 /* Watch.xcconfig */;
			buildSettings = {
				CURRENT_PROJECT_VERSION = 2;
				DEVELOPMENT_TEAM = 72KB9YQR7B;
			};
			name = Release;
		};
		AF00000000000000000041 /* Debug */ = {
			isa = XCBuildConfiguration;
			baseConfigurationReference = AE00000000000000000010 /* Watch.xcconfig */;
			buildSettings = {
				BUNDLE_LOADER = "$(TEST_HOST)";
				CODE_SIGN_ENTITLEMENTS = "";
				DEVELOPMENT_TEAM = 72KB9YQR7B;
				INFOPLIST_FILE = "";
				ONLY_ACTIVE_ARCH = YES;
				PRODUCT_BUNDLE_IDENTIFIER = dev.chr33s.shell.watchkitapp.tests;
				PRODUCT_NAME = ShellWatchTests;
				SWIFT_ACTIVE_COMPILATION_CONDITIONS = "DEBUG $(inherited)";
				SWIFT_EMIT_LOC_STRINGS = NO;
				SWIFT_OPTIMIZATION_LEVEL = "-Onone";
				TEST_HOST = "$(BUILT_PRODUCTS_DIR)/ShellWatch.app/$(BUNDLE_EXECUTABLE_FOLDER_PATH)/ShellWatch";
				TEST_TARGET_NAME = ShellWatch;
			};
			name = Debug;
		};
		AF00000000000000000042 /* Release */ = {
			isa = XCBuildConfiguration;
			baseConfigurationReference = AE00000000000000000010 /* Watch.xcconfig */;
			buildSettings = {
				BUNDLE_LOADER = "$(TEST_HOST)";
				CODE_SIGN_ENTITLEMENTS = "";
				DEVELOPMENT_TEAM = 72KB9YQR7B;
				INFOPLIST_FILE = "";
				PRODUCT_BUNDLE_IDENTIFIER = dev.chr33s.shell.watchkitapp.tests;
				PRODUCT_NAME = ShellWatchTests;
				SWIFT_EMIT_LOC_STRINGS = NO;
				TEST_HOST = "$(BUILT_PRODUCTS_DIR)/ShellWatch.app/$(BUNDLE_EXECUTABLE_FOLDER_PATH)/ShellWatch";
				TEST_TARGET_NAME = ShellWatch;
			};
			name = Release;
		};
/* End XCBuildConfiguration section */

/* Begin XCConfigurationList section */
		AB00000000000000000044 /* Build configuration list for PBXProject "shell" */ = {
			isa = XCConfigurationList;
			buildConfigurations = (
				AB00000000000000000040 /* Debug */,
				AB00000000000000000041 /* Release */,
			);
			defaultConfigurationIsVisible = 0;
			defaultConfigurationName = Release;
		};
		AB00000000000000000045 /* Build configuration list for PBXNativeTarget "shell" */ = {
			isa = XCConfigurationList;
			buildConfigurations = (
				AB00000000000000000042 /* Debug */,
				AB00000000000000000043 /* Release */,
			);
			defaultConfigurationIsVisible = 0;
			defaultConfigurationName = Release;
		};
		AC00000000000000000040 /* Build configuration list for PBXNativeTarget "ShellMacSupport" */ = {
			isa = XCConfigurationList;
			buildConfigurations = (
				AC00000000000000000041 /* Debug */,
				AC00000000000000000042 /* Release */,
			);
			defaultConfigurationIsVisible = 0;
			defaultConfigurationName = Release;
		};
		AD00000000000000000040 /* Build configuration list for PBXNativeTarget "ShellTests" */ = {
			isa = XCConfigurationList;
			buildConfigurations = (
				AD00000000000000000041 /* Debug */,
				AD00000000000000000042 /* Release */,
			);
			defaultConfigurationIsVisible = 0;
			defaultConfigurationName = Release;
		};
		AE00000000000000000040 /* Build configuration list for PBXNativeTarget "ShellWatch" */ = {
			isa = XCConfigurationList;
			buildConfigurations = (
				AE00000000000000000041 /* Debug */,
				AE00000000000000000042 /* Release */,
			);
			defaultConfigurationIsVisible = 0;
			defaultConfigurationName = Release;
		};
		AF00000000000000000040 /* Build configuration list for PBXNativeTarget "ShellWatchTests" */ = {
			isa = XCConfigurationList;
			buildConfigurations = (
				AF00000000000000000041 /* Debug */,
				AF00000000000000000042 /* Release */,
			);
			defaultConfigurationIsVisible = 0;
			defaultConfigurationName = Release;
		};
/* End XCConfigurationList section */

/* Begin XCLocalSwiftPackageReference section */
		AE00000000000000000050 /* XCLocalSwiftPackageReference "Packages/ShellControlCore" */ = {
			isa = XCLocalSwiftPackageReference;
			relativePath = Packages/ShellControlCore;
		};
/* End XCLocalSwiftPackageReference section */

/* Begin XCRemoteSwiftPackageReference section */
		AB00000000000000000050 /* XCRemoteSwiftPackageReference "ghosttykit-rootshell" */ = {
			isa = XCRemoteSwiftPackageReference;
			repositoryURL = "https://github.com/kitknox/ghosttykit-rootshell.git";
			requirement = {
				kind = exactVersion;
				version = 0.2.12;
			};
		};
		AB00000000000000000051 /* XCRemoteSwiftPackageReference "Citadel-rootshell" */ = {
			isa = XCRemoteSwiftPackageReference;
			repositoryURL = "https://github.com/kitknox/Citadel-rootshell.git";
			requirement = {
				kind = exactVersion;
				version = 0.12.4;
			};
		};
		AB00000000000000000052 /* XCRemoteSwiftPackageReference "ios_system-rootshell" */ = {
			isa = XCRemoteSwiftPackageReference;
			repositoryURL = "https://github.com/kitknox/ios_system-rootshell.git";
			requirement = {
				kind = exactVersion;
				version = 0.1.0;
			};
		};
/* End XCRemoteSwiftPackageReference section */

/* Begin XCSwiftPackageProductDependency section */
		AB00000000000000000053 /* GhosttyKitAppStore */ = {
			isa = XCSwiftPackageProductDependency;
			package = AB00000000000000000050 /* XCRemoteSwiftPackageReference "ghosttykit-rootshell" */;
			productName = GhosttyKitAppStore;
		};
		AB00000000000000000054 /* Citadel */ = {
			isa = XCSwiftPackageProductDependency;
			package = AB00000000000000000051 /* XCRemoteSwiftPackageReference "Citadel-rootshell" */;
			productName = Citadel;
		};
		AB00000000000000000055 /* ios_system */ = {
			isa = XCSwiftPackageProductDependency;
			package = AB00000000000000000052 /* XCRemoteSwiftPackageReference "ios_system-rootshell" */;
			productName = ios_system;
		};
		AE00000000000000000051 /* ShellControlProtocol */ = {
			isa = XCSwiftPackageProductDependency;
			productName = ShellControlProtocol;
		};
		AE00000000000000000052 /* ShellControlSecurity */ = {
			isa = XCSwiftPackageProductDependency;
			productName = ShellControlSecurity;
		};
		AE00000000000000000053 /* ShellControlClient */ = {
			isa = XCSwiftPackageProductDependency;
			productName = ShellControlClient;
		};
		AE00000000000000000054 /* ShellControlProtocol */ = {
			isa = XCSwiftPackageProductDependency;
			productName = ShellControlProtocol;
		};
		AE00000000000000000055 /* ShellControlSecurity */ = {
			isa = XCSwiftPackageProductDependency;
			productName = ShellControlSecurity;
		};
		AE00000000000000000056 /* ShellControlClient */ = {
			isa = XCSwiftPackageProductDependency;
			productName = ShellControlClient;
		};
/* End XCSwiftPackageProductDependency section */
	};
	rootObject = AB00000000000000000001 /* Project object */;
}
